// !$*UTF8*$!
{
	archiveVersion = 1;
	classes = {
	};
	objectVersion = 56;
	objects = {

/* Begin PBXBuildFile section */
		8748A45A2BF2718B000A1B01 /* MoonShotApp.swift in Sources */ = {isa = PBXBuildFile; fileRef = 8748A4592BF2718B000A1B01 /* MoonShotApp.swift */; };
		8748A45C2BF2718B000A1B01 /* ContentView.swift in Sources */ = {isa = PBXBuildFile; fileRef = 8748A45B2BF2718B000A1B01 /* ContentView.swift */; };
		8748A45E2BF2718C000A1B01 /* Assets.xcassets in Resources */ = {isa = PBXBuildFile; fileRef = 8748A45D2BF2718C000A1B01 /* Assets.xcassets */; };
		8748A4612BF2718C000A1B01 /* Preview Assets.xcassets in Resources */ = {isa = PBXBuildFile; fileRef = 8748A4602BF2718C000A1B01 /* Preview Assets.xcassets */; };
		8748A4692BF3BCF3000A1B01 /* missions.json in Resources */ = {isa = PBXBuildFile; fileRef = 8748A4672BF3BCF3000A1B01 /* missions.json */; };
		8748A46A2BF3BCF3000A1B01 /* astronauts.json in Resources */ = {isa = PBXBuildFile; fileRef = 8748A4682BF3BCF3000A1B01 /* astronauts.json */; };
		8748A46C2BF3BD9D000A1B01 /* Astronaut.swift in Sources */ = {isa = PBXBuildFile; fileRef = 8748A46B2BF3BD9D000A1B01 /* Astronaut.swift */; };
		8748A46E2BF3BDF3000A1B01 /* Bundle+Ext.swift in Sources */ = {isa = PBXBuildFile; fileRef = 8748A46D2BF3BDF3000A1B01 /* Bundle+Ext.swift */; };
		8748A4722BF3C4A7000A1B01 /* Mission.swift in Sources */ = {isa = PBXBuildFile; fileRef = 8748A4712BF3C4A7000A1B01 /* Mission.swift */; };
		8748A4742BF3DE4F000A1B01 /* ShapeStyle+Ext.swift in Sources */ = {isa = PBXBuildFile; fileRef = 8748A4732BF3DE4F000A1B01 /* ShapeStyle+Ext.swift */; };
		8748A4792BF52F39000A1B01 /* MissionView.swift in Sources */ = {isa = PBXBuildFile; fileRef = 8748A4782BF52F39000A1B01 /* MissionView.swift */; };
		8748A47B2BF538E6000A1B01 /* AstronautView.swift in Sources */ = {isa = PBXBuildFile; fileRef = 8748A47A2BF538E6000A1B01 /* AstronautView.swift */; };
		8748A47F2BF54353000A1B01 /* MissionDetailView.swift in Sources */ = {isa = PBXBuildFile; fileRef = 8748A47E2BF54353000A1B01 /* MissionDetailView.swift */; };
		8748A4802BF547A1000A1B01 /* PracticeView.swift in Sources */ = {isa = PBXBuildFile; fileRef = 8748A46F2BF3BFB1000A1B01 /* PracticeView.swift */; };
		8748A4822BF54810000A1B01 /* GridLayoutView.swift in Sources */ = {isa = PBXBuildFile; fileRef = 8748A4812BF54810000A1B01 /* GridLayoutView.swift */; };
		8748A4842BF54860000A1B01 /* ListLayoutView.swift in Sources */ = {isa = PBXBuildFile; fileRef = 8748A4832BF54860000A1B01 /* ListLayoutView.swift */; };
/* End PBXBuildFile section */

/* Begin PBXFileReference section */
		8748A4562BF2718B000A1B01 /* MoonShot.app */ = {isa = PBXFileReference; explicitFileType = wrapper.application; includeInIndex = 0; path = MoonShot.app; sourceTree = BUILT_PRODUCTS_DIR; };
		8748A4592BF2718B000A1B01 /* MoonShotApp.swift */ = {isa = PBXFileReference; lastKnownFileType = sourcecode.swift; path = MoonShotApp.swift; sourceTree = "<group>"; };
		8748A45B2BF2718B000A1B01 /* ContentView.swift */ = {isa = PBXFileReference; lastKnownFileType = sourcecode.swift; path = ContentView.swift; sourceTree = "<group>"; };
		8748A45D2BF2718C000A1B01 /* Assets.xcassets */ = {isa = PBXFileReference; lastKnownFileType = folder.assetcatalog; path = Assets.xcassets; sourceTree = "<group>"; };
		8748A4602BF2718C000A1B01 /* Preview Assets.xcassets */ = {isa = PBXFileReference; lastKnownFileType = folder.assetcatalog; path = "Preview Assets.xcassets"; sourceTree = "<group>"; };
		8748A4672BF3BCF3000A1B01 /* missions.json */ = {isa = PBXFileReference; fileEncoding = 4; lastKnownFileType = text.json; path = missions.json; sourceTree = "<group>"; };
		8748A4682BF3BCF3000A1B01 /* astronauts.json */ = {isa = PBXFileReference; fileEncoding = 4; lastKnownFileType = text.json; path = astronauts.json; sourceTree = "<group>"; };
		8748A46B2BF3BD9D000A1B01 /* Astronaut.swift */ = {isa = PBXFileReference; lastKnownFileType = sourcecode.swift; path = Astronaut.swift; sourceTree = "<group>"; };
		8748A46D2BF3BDF3000A1B01 /* Bundle+Ext.swift */ = {isa = PBXFileReference; lastKnownFileType = sourcecode.swift; path = "Bundle+Ext.swift"; sourceTree = "<group>"; };
		8748A46F2BF3BFB1000A1B01 /* PracticeView.swift */ = {isa = PBXFileReference; lastKnownFileType = sourcecode.swift; path = PracticeView.swift; sourceTree = "<group>"; };
		8748A4712BF3C4A7000A1B01 /* Mission.swift */ = {isa = PBXFileReference; lastKnownFileType = sourcecode.swift; path = Mission.swift; sourceTree = "<group>"; };
		8748A4732BF3DE4F000A1B01 /* ShapeStyle+Ext.swift */ = {isa = PBXFileReference; lastKnownFileType = sourcecode.swift; path = "ShapeStyle+Ext.swift"; sourceTree = "<group>"; };
		8748A4782BF52F39000A1B01 /* MissionView.swift */ = {isa = PBXFileReference; lastKnownFileType = sourcecode.swift; path = MissionView.swift; sourceTree = "<group>"; };
		8748A47A2BF538E6000A1B01 /* AstronautView.swift */ = {isa = PBXFileReference; lastKnownFileType = sourcecode.swift; path = AstronautView.swift; sourceTree = "<group>"; };
		8748A47E2BF54353000A1B01 /* MissionDetailView.swift */ = {isa = PBXFileReference; lastKnownFileType = sourcecode.swift; path = MissionDetailView.swift; sourceTree = "<group>"; };
		8748A4812BF54810000A1B01 /* GridLayoutView.swift */ = {isa = PBXFileReference; lastKnownFileType = sourcecode.swift; path = GridLayoutView.swift; sourceTree = "<group>"; };
		8748A4832BF54860000A1B01 /* ListLayoutView.swift */ = {isa = PBXFileReference; lastKnownFileType = sourcecode.swift; path = ListLayoutView.swift; sourceTree = "<group>"; };
/* End PBXFileReference section */

/* Begin PBXFrameworksBuildPhase section */
		8748A4532BF2718B000A1B01 /* Frameworks */ = {
			isa = PBXFrameworksBuildPhase;
			buildActionMask = 2147483647;
			files = (
			);
			runOnlyForDeploymentPostprocessing = 0;
		};
/* End PBXFrameworksBuildPhase section */

/* Begin PBXGroup section */
		8748A44D2BF2718B000A1B01 = {
			isa = PBXGroup;
			children = (
				8748A4582BF2718B000A1B01 /* MoonShot */,
				8748A4572BF2718B000A1B01 /* Products */,
			);
			sourceTree = "<group>";
		};
		8748A4572BF2718B000A1B01 /* Products */ = {
			isa = PBXGroup;
			children = (
				8748A4562BF2718B000A1B01 /* MoonShot.app */,
			);
			name = Products;
			sourceTree = "<group>";
		};
		8748A4582BF2718B000A1B01 /* MoonShot */ = {
			isa = PBXGroup;
			children = (
				8748A4752BF52E63000A1B01 /* Extensions */,
				8748A4592BF2718B000A1B01 /* MoonShotApp.swift */,
				8748A45B2BF2718B000A1B01 /* ContentView.swift */,
				8748A4812BF54810000A1B01 /* GridLayoutView.swift */,
				8748A4832BF54860000A1B01 /* ListLayoutView.swift */,
				8748A4782BF52F39000A1B01 /* MissionView.swift */,
				8748A47E2BF54353000A1B01 /* MissionDetailView.swift */,
				8748A47A2BF538E6000A1B01 /* AstronautView.swift */,
				8748A46B2BF3BD9D000A1B01 /* Astronaut.swift */,
				8748A4712BF3C4A7000A1B01 /* Mission.swift */,
				8748A4682BF3BCF3000A1B01 /* astronauts.json */,
				8748A4672BF3BCF3000A1B01 /* missions.json */,
				8748A45D2BF2718C000A1B01 /* Assets.xcassets */,
				8748A45F2BF2718C000A1B01 /* Preview Content */,
				8787C42C2C7FE4C900702CFD /* Practice */,
			);
			path = MoonShot;
			sourceTree = "<group>";
		};
		8748A45F2BF2718C000A1B01 /* Preview Content */ = {
			isa = PBXGroup;
			children = (
				8748A4602BF2718C000A1B01 /* Preview Assets.xcassets */,
			);
			path = "Preview Content";
			sourceTree = "<group>";
		};
		8748A4752BF52E63000A1B01 /* Extensions */ = {
			isa = PBXGroup;
			children = (
				8748A46D2BF3BDF3000A1B01 /* Bundle+Ext.swift */,
				8748A4732BF3DE4F000A1B01 /* ShapeStyle+Ext.swift */,
			);
			path = Extensions;
			sourceTree = "<group>";
		};
		8787C42C2C7FE4C900702CFD /* Practice */ = {
			isa = PBXGroup;
			children = (
				8748A46F2BF3BFB1000A1B01 /* PracticeView.swift */,
			);
			path = Practice;
			sourceTree = "<group>";
		};
/* End PBXGroup section */

/* Begin PBXNativeTarget section */
		8748A4552BF2718B000A1B01 /* MoonShot */ = {
			isa = PBXNativeTarget;
			buildConfigurationList = 8748A4642BF2718C000A1B01 /* Build configuration list for PBXNativeTarget "MoonShot" */;
			buildPhases = (
				8748A4522BF2718B000A1B01 /* Sources */,
				8748A4532BF2718B000A1B01 /* Frameworks */,
				8748A4542BF2718B000A1B01 /* Resources */,
			);
			buildRules = (
			);
			dependencies = (
			);
			name = MoonShot;
			productName = MoonShot;
			productReference = 8748A4562BF2718B000A1B01 /* MoonShot.app */;
			productType = "com.apple.product-type.application";
		};
/* End PBXNativeTarget section */

/* Begin PBXProject section */
		8748A44E2BF2718B000A1B01 /* Project object */ = {
			isa = PBXProject;
			attributes = {
				BuildIndependentTargetsInParallel = 1;
				LastSwiftUpdateCheck = 1530;
				LastUpgradeCheck = 1530;
				TargetAttributes = {
					8748A4552BF2718B000A1B01 = {
						CreatedOnToolsVersion = 15.3;
					};
				};
			};
			buildConfigurationList = 8748A4512BF2718B000A1B01 /* Build configuration list for PBXProject "MoonShot" */;
			compatibilityVersion = "Xcode 14.0";
			developmentRegion = en;
			hasScannedForEncodings = 0;
			knownRegions = (
				en,
				Base,
			);
			mainGroup = 8748A44D2BF2718B000A1B01;
			productRefGroup = 8748A4572BF2718B000A1B01 /* Products */;
			projectDirPath = "";
			projectRoot = "";
			targets = (
				8748A4552BF2718B000A1B01 /* MoonShot */,
			);
		};
/* End PBXProject section */

/* Begin PBXResourcesBuildPhase section */
		8748A4542BF2718B000A1B01 /* Resources */ = {
			isa = PBXResourcesBuildPhase;
			buildActionMask = 2147483647;
			files = (
				8748A4612BF2718C000A1B01 /* Preview Assets.xcassets in Resources */,
				8748A4692BF3BCF3000A1B01 /* missions.json in Resources */,
				8748A45E2BF2718C000A1B01 /* Assets.xcassets in Resources */,
				8748A46A2BF3BCF3000A1B01 /* astronauts.json in Resources */,
			);
			runOnlyForDeploymentPostprocessing = 0;
		};
/* End PBXResourcesBuildPhase section */

/* Begin PBXSourcesBuildPhase section */
		8748A4522BF2718B000A1B01 /* Sources */ = {
			isa = PBXSourcesBuildPhase;
			buildActionMask = 2147483647;
			files = (
				8748A4842BF54860000A1B01 /* ListLayoutView.swift in Sources */,
				8748A4722BF3C4A7000A1B01 /* Mission.swift in Sources */,
				8748A4802BF547A1000A1B01 /* PracticeView.swift in Sources */,
				8748A47B2BF538E6000A1B01 /* AstronautView.swift in Sources */,
				8748A4792BF52F39000A1B01 /* MissionView.swift in Sources */,
				8748A46C2BF3BD9D000A1B01 /* Astronaut.swift in Sources */,
				8748A47F2BF54353000A1B01 /* MissionDetailView.swift in Sources */,
				8748A46E2BF3BDF3000A1B01 /* Bundle+Ext.swift in Sources */,
				8748A4822BF54810000A1B01 /* GridLayoutView.swift in Sources */,
				8748A45C2BF2718B000A1B01 /* ContentView.swift in Sources */,
				8748A4742BF3DE4F000A1B01 /* ShapeStyle+Ext.swift in Sources */,
				8748A45A2BF2718B000A1B01 /* MoonShotApp.swift in Sources */,
			);
			runOnlyForDeploymentPostprocessing = 0;
		};
/* End PBXSourcesBuildPhase section */

/* Begin XCBuildConfiguration section */
		8748A4622BF2718C000A1B01 /* Debug */ = {
			isa = XCBuildConfiguration;
			buildSettings = {
				ALWAYS_SEARCH_USER_PATHS = NO;
				ASSETCATALOG_COMPILER_GENERATE_SWIFT_ASSET_SYMBOL_EXTENSIONS = YES;
				CLANG_ANALYZER_NONNULL = YES;
				CLANG_ANALYZER_NUMBER_OBJECT_CONVERSION = YES_AGGRESSIVE;
				CLANG_CXX_LANGUAGE_STANDARD = "gnu++20";
				CLANG_ENABLE_MODULES = YES;
				CLANG_ENABLE_OBJC_ARC = YES;
				CLANG_ENABLE_OBJC_WEAK = YES;
				CLANG_WARN_BLOCK_CAPTURE_AUTORELEASING = YES;
				CLANG_WARN_BOOL_CONVERSION = YES;
				CLANG_WARN_COMMA = YES;
				CLANG_WARN_CONSTANT_CONVERSION = YES;
				CLANG_WARN_DEPRECATED_OBJC_IMPLEMENTATIONS = YES;
				CLANG_WARN_DIRECT_OBJC_ISA_USAGE = YES_ERROR;
				CLANG_WARN_DOCUMENTATION_COMMENTS = YES;
				CLANG_WARN_EMPTY_BODY = YES;
				CLANG_WARN_ENUM_CONVERSION = YES;
				CLANG_WARN_INFINITE_RECURSION = YES;
				CLANG_WARN_INT_CONVERSION = YES;
				CLANG_WARN_NON_LITERAL_NULL_CONVERSION = YES;
				CLANG_WARN_OBJC_IMPLICIT_RETAIN_SELF = YES;
				CLANG_WARN_OBJC_LITERAL_CONVERSION = YES;
				CLANG_WARN_OBJC_ROOT_CLASS = YES_ERROR;
				CLANG_WARN_QUOTED_INCLUDE_IN_FRAMEWORK_HEADER = YES;
				CLANG_WARN_RANGE_LOOP_ANALYSIS = YES;
				CLANG_WARN_STRICT_PROTOTYPES = YES;
				CLANG_WARN_SUSPICIOUS_MOVE = YES;
				CLANG_WARN_UNGUARDED_AVAILABILITY = YES_AGGRESSIVE;
				CLANG_WARN_UNREACHABLE_CODE = YES;
				CLANG_WARN__DUPLICATE_METHOD_MATCH = YES;
				COPY_PHASE_STRIP = NO;
				DEBUG_INFORMATION_FORMAT = dwarf;
				ENABLE_STRICT_OBJC_MSGSEND = YES;
				ENABLE_TESTABILITY = YES;
				ENABLE_USER_SCRIPT_SANDBOXING = YES;
				GCC_C_LANGUAGE_STANDARD = gnu17;
				GCC_DYNAMIC_NO_PIC = NO;
				GCC_NO_COMMON_BLOCKS = YES;
				GCC_OPTIMIZATION_LEVEL = 0;
				GCC_PREPROCESSOR_DEFINITIONS = (
					"DEBUG=1",
					"$(inherited)",
				);
				GCC_WARN_64_TO_32_BIT_CONVERSION = YES;
				GCC_WARN_ABOUT_RETURN_TYPE = YES_ERROR;
				GCC_WARN_UNDECLARED_SELECTOR = YES;
				GCC_WARN_UNINITIALIZED_AUTOS = YES_AGGRESSIVE;
				GCC_WARN_UNUSED_FUNCTION = YES;
				GCC_WARN_UNUSED_VARIABLE = YES;
				IPHONEOS_DEPLOYMENT_TARGET = 17.4;
				LOCALIZATION_PREFERS_STRING_CATALOGS = YES;
				MTL_ENABLE_DEBUG_INFO = INCLUDE_SOURCE;
				MTL_FAST_MATH = YES;
				ONLY_ACTIVE_ARCH = YES;
				SDKROOT = iphoneos;
				SWIFT_ACTIVE_COMPILATION_CONDITIONS = "DEBUG $(inherited)";
				SWIFT_OPTIMIZATION_LEVEL = "-Onone";
			};
			name = Debug;
		};
		8748A4632BF2718C000A1B01 /* Release */ = {
			isa = XCBuildConfiguration;
			buildSettings = {
				ALWAYS_SEARCH_USER_PATHS = NO;
				ASSETCATALOG_COMPILER_GENERATE_SWIFT_ASSET_SYMBOL_EXTENSIONS = YES;
				CLANG_ANALYZER_NONNULL = YES;
				CLANG_ANALYZER_NUMBER_OBJECT_CONVERSION = YES_AGGRESSIVE;
				CLANG_CXX_LANGUAGE_STANDARD = "gnu++20";
				CLANG_ENABLE_MODULES = YES;
				CLANG_ENABLE_OBJC_ARC = YES;
				CLANG_ENABLE_OBJC_WEAK = YES;
				CLANG_WARN_BLOCK_CAPTURE_AUTORELEASING = YES;
				CLANG_WARN_BOOL_CONVERSION = YES;
				CLANG_WARN_COMMA = YES;
				CLANG_WARN_CONSTANT_CONVERSION = YES;
				CLANG_WARN_DEPRECATED_OBJC_IMPLEMENTATIONS = YES;
				CLANG_WARN_DIRECT_OBJC_ISA_USAGE = YES_ERROR;
				CLANG_WARN_DOCUMENTATION_COMMENTS = YES;
				CLANG_WARN_EMPTY_BODY = YES;
				CLANG_WARN_ENUM_CONVERSION = YES;
				CLANG_WARN_INFINITE_RECURSION = YES;
				CLANG_WARN_INT_CONVERSION = YES;
				CLANG_WARN_NON_LITERAL_NULL_CONVERSION = YES;
				CLANG_WARN_OBJC_IMPLICIT_RETAIN_SELF = YES;
				CLANG_WARN_OBJC_LITERAL_CONVERSION = YES;
				CLANG_WARN_OBJC_ROOT_CLASS = YES_ERROR;
				CLANG_WARN_QUOTED_INCLUDE_IN_FRAMEWORK_HEADER = YES;
				CLANG_WARN_RANGE_LOOP_ANALYSIS = YES;
				CLANG_WARN_STRICT_PROTOTYPES = YES;
				CLANG_WARN_SUSPICIOUS_MOVE = YES;
				CLANG_WARN_UNGUARDED_AVAILABILITY = YES_AGGRESSIVE;
				CLANG_WARN_UNREACHABLE_CODE = YES;
				CLANG_WARN__DUPLICATE_METHOD_MATCH = YES;
				COPY_PHASE_STRIP = NO;
				DEBUG_INFORMATION_FORMAT = "dwarf-with-dsym";
				ENABLE_NS_ASSERTIONS = NO;
				ENABLE_STRICT_OBJC_MSGSEND = YES;
				ENABLE_USER_SCRIPT_SANDBOXING = YES;
				GCC_C_LANGUAGE_STANDARD = gnu17;
				GCC_NO_COMMON_BLOCKS = YES;
				GCC_WARN_64_TO_32_BIT_CONVERSION = YES;
				GCC_WARN_ABOUT_RETURN_TYPE = YES_ERROR;
				GCC_WARN_UNDECLARED_SELECTOR = YES;
				GCC_WARN_UNINITIALIZED_AUTOS = YES_AGGRESSIVE;
				GCC_WARN_UNUSED_FUNCTION = YES;
				GCC_WARN_UNUSED_VARIABLE = YES;
				IPHONEOS_DEPLOYMENT_TARGET = 17.4;
				LOCALIZATION_PREFERS_STRING_CATALOGS = YES;
				MTL_ENABLE_DEBUG_INFO = NO;
				MTL_FAST_MATH = YES;
				SDKROOT = iphoneos;
				SWIFT_COMPILATION_MODE = wholemodule;
				VALIDATE_PRODUCT = YES;
			};
			name = Release;
		};
		8748A4652BF2718C000A1B01 /* Debug */ = {
			isa = XCBuildConfiguration;
			buildSettings = {
				ASSETCATALOG_COMPILER_APPICON_NAME = AppIcon;
				ASSETCATALOG_COMPILER_GLOBAL_ACCENT_COLOR_NAME = AccentColor;
				CODE_SIGN_STYLE = Automatic;
				CURRENT_PROJECT_VERSION = 1;
				DEVELOPMENT_ASSET_PATHS = "\"MoonShot/Preview Content\"";
				DEVELOPMENT_TEAM = 759C7Y26H7;
				ENABLE_PREVIEWS = YES;
				GENERATE_INFOPLIST_FILE = YES;
				INFOPLIST_KEY_UIApplicationSceneManifest_Generation = YES;
				INFOPLIST_KEY_UIApplicationSupportsIndirectInputEvents = YES;
				INFOPLIST_KEY_UILaunchScreen_Generation = YES;
				INFOPLIST_KEY_UISupportedInterfaceOrientations_iPad = "UIInterfaceOrientationPortrait UIInterfaceOrientationPortraitUpsideDown UIInterfaceOrientationLandscapeLeft UIInterfaceOrientationLandscapeRight";
				INFOPLIST_KEY_UISupportedInterfaceOrientations_iPhone = "UIInterfaceOrientationPortrait UIInterfaceOrientationLandscapeLeft UIInterfaceOrientationLandscapeRight";
				LD_RUNPATH_SEARCH_PATHS = (
					"$(inherited)",
					"@executable_path/Frameworks",
				);
				MARKETING_VERSION = 1.0;
				PRODUCT_BUNDLE_IDENTIFIER = co.marcocapraro.MoonShot;
				PRODUCT_NAME = "$(TARGET_NAME)";
				SWIFT_EMIT_LOC_STRINGS = YES;
				SWIFT_VERSION = 5.0;
				TARGETED_DEVICE_FAMILY = "1,2";
			};
			name = Debug;
		};
		8748A4662BF2718C000A1B01 /* Release */ = {
			isa = XCBuildConfiguration;
			buildSettings = {
				ASSETCATALOG_COMPILER_APPICON_NAME = AppIcon;
				ASSETCATALOG_COMPILER_GLOBAL_ACCENT_COLOR_NAME = AccentColor;
				CODE_SIGN_STYLE = Automatic;
				CURRENT_PROJECT_VERSION = 1;
				DEVELOPMENT_ASSET_PATHS = "\"MoonShot/Preview Content\"";
				DEVELOPMENT_TEAM = 759C7Y26H7;
				ENABLE_PREVIEWS = YES;
				GENERATE_INFOPLIST_FILE = YES;
				INFOPLIST_KEY_UIApplicationSceneManifest_Generation = YES;
				INFOPLIST_KEY_UIApplicationSupportsIndirectInputEvents = YES;
				INFOPLIST_KEY_UILaunchScreen_Generation = YES;
				INFOPLIST_KEY_UISupportedInterfaceOrientations_iPad = "UIInterfaceOrientationPortrait UIInterfaceOrientationPortraitUpsideDown UIInterfaceOrientationLandscapeLeft UIInterfaceOrientationLandscapeRight";
				INFOPLIST_KEY_UISupportedInterfaceOrientations_iPhone = "UIInterfaceOrientationPortrait UIInterfaceOrientationLandscapeLeft UIInterfaceOrientationLandscapeRight";
				LD_RUNPATH_SEARCH_PATHS = (
					"$(inherited)",
					"@executable_path/Frameworks",
				);
				MARKETING_VERSION = 1.0;
				PRODUCT_BUNDLE_IDENTIFIER = co.marcocapraro.MoonShot;
				PRODUCT_NAME = "$(TARGET_NAME)";
				SWIFT_EMIT_LOC_STRINGS = YES;
				SWIFT_VERSION = 5.0;
				TARGETED_DEVICE_FAMILY = "1,2";
			};
			name = Release;
		};
/* End XCBuildConfiguration section */

/* Begin XCConfigurationList section */
		8748A4512BF2718B000A1B01 /* Build configuration list for PBXProject "MoonShot" */ = {
			isa = XCConfigurationList;
			buildConfigurations = (
				8748A4622BF2718C000A1B01 /* Debug */,
				8748A4632BF2718C000A1B01 /* Release */,
			);
			defaultConfigurationIsVisible = 0;
			defaultConfigurationName = Release;
		};
		8748A4642BF2718C000A1B01 /* Build configuration list for PBXNativeTarget "MoonShot" */ = {
			isa = XCConfigurationList;
			buildConfigurations = (
				8748A4652BF2718C000A1B01 /* Debug */,
				8748A4662BF2718C000A1B01 /* Release */,
			);
			defaultConfigurationIsVisible = 0;
			defaultConfigurationName = Release;
		};
/* End XCConfigurationList section */
	};
	rootObject = 8748A44E2BF2718B000A1B01 /* Project object */;
}
